
Microsoft Visual Studio Solution File, Format Version 12.00
# Visual Studio 15
VisualStudioVersion = 15.0.27004.2002
MinimumVisualStudioVersion = 10.0.40219.1
Project("{FAE04EC0-301F-11D3-BF4B-00C04F79EFBC}") = "ConsoleApp1", "ConsoleApp1\ConsoleApp1.csproj", "{4D8A47B3-D7A1-409B-86F7-E0F676CDB999}"
EndProject
Global
	GlobalSection(SolutionConfigurationPlatforms) = preSolution
		Debug|Any CPU = Debug|Any CPU
		Release|Any CPU = Release|Any CPU
	EndGlobalSection
	GlobalSection(ProjectConfigurationPlatforms) = postSolution
		{4D8A47B3-D7A1-409B-86F7-E0F676CDB999}.Debug|Any CPU.ActiveCfg = Debug|Any CPU
		{4D8A47B3-D7A1-409B-86F7-E0F676CDB999}.Debug|Any CPU.Build.0 = Debug|Any CPU
		{4D8A47B3-D7A1-409B-86F7-E0F676CDB999}.Release|Any CPU.ActiveCfg = Release|Any CPU
		{4D8A47B3-D7A1-409B-86F7-E0F676CDB999}.Release|Any CPU.Build.0 = Release|Any CPU
	EndGlobalSection
	GlobalSection(SolutionProperties) = preSolution
		HideSolutionNode = FALSE
	EndGlobalSection
	GlobalSection(ExtensibilityGlobals) = postSolution
		SolutionGuid = {1C3CAF91-B8C7-4A5E-88DB-AB900B921A21}
	EndGlobalSection
EndGlobal
